{
  "version": 4,
  "terraform_version": "1.9.8",
  "serial": 15,
  "lineage": "f8d7c5dd-959f-21e5-3da9-bac68e172eae",
  "outputs": {},
  "resources": [
    {
      "mode": "managed",
      "type": "azurerm_linux_virtual_machine",
      "name": "vm_back",
      "provider": "provider[\"registry.terraform.io/hashicorp/azurerm\"]",
      "instances": [
        {
          "index_key": 0,
          "schema_version": 0,
          "attributes": {
            "additional_capabilities": [],
            "admin_password": null,
            "admin_ssh_key": [
              {
                "public_key": "ssh-rsa AAAAB3NzaC1yc2EAAAADAQABAAACAQCmsskpPZPRk8E/EjHofFCegzRYUV6p9xqR9WFlJYdP5gZrGrGVVRz0twu49UrxS2MhEbn41iSnKzg+/ufCQgIWWsne0IwrbDvA1YvrdGrZ2hk8AAv+8X3hDkiItP6YhIkUPJ9Wqt7CXqR+TvVHdUrKeG+KVq2CzO2jay+Ldwn6M+vDTLnwTN3Ew1AcM8au4TQc1EWUdx8EKR2YB1X8UuU2QiSSPPingJyuo/Tw2RxfMYxV1gbd/QMTKGesSGKeWHOB0kq7HWV6eZsKud+DZglx9O/BCk/GpJ5u9Yof0+ovWxV61HA9oD589ro/4qhyHr1BayO6DDpWx184tBcc0iJKALwj3bmK0DdegUKEzMMUkbdh0+M62F9xzoJBhqj2YggQWf+Kb0ipQS+1ZYe2HR2pIKK5SvQXPZ+mvbe5SFUL0t5ZuDAVfbRuaAWH5/3w9maTcfGZl5FMpSgqJc9QvWhYX9iJksWaSTpFlqmwdyIGfrikzCXe4ZpwvwNg/jzee+1aBcWAIRU9pYIxNFO7Wt3X6WBn8I5s91uKtlUsyrF8UEC7j/zPf7727ae8p5cXzTffGjnOZslur/vEmfQKS967W7AbPLcIjVzsgb8i1VmObNjVG5YXUORF2TI067SJjDHnKM+yjN53Bkh7l++m2xNroQYm3WU5RSRv/9Js9+xv9Q== fabien@debianVM\n",
                "username": "azureuser"
              }
            ],
            "admin_username": "azureuser",
            "allow_extension_operations": true,
            "availability_set_id": "",
            "boot_diagnostics": [],
            "bypass_platform_safety_checks_on_user_schedule_enabled": false,
            "capacity_reservation_group_id": "",
            "computer_name": "back-vm-0",
            "custom_data": null,
            "dedicated_host_group_id": "",
            "dedicated_host_id": "",
            "disable_password_authentication": true,
            "disk_controller_type": "",
            "edge_zone": "",
            "encryption_at_host_enabled": false,
            "eviction_policy": "",
            "extensions_time_budget": "PT1H30M",
            "gallery_application": [],
            "id": "/subscriptions/6c46b4a5-11a4-41b7-b219-51cf755d4529/resourceGroups/rg-restoproch/providers/Microsoft.Compute/virtualMachines/back-vm-0",
            "identity": [],
            "license_type": "",
            "location": "westeurope",
            "max_bid_price": -1,
            "name": "back-vm-0",
            "network_interface_ids": [
              "/subscriptions/6c46b4a5-11a4-41b7-b219-51cf755d4529/resourceGroups/rg-restoproch/providers/Microsoft.Network/networkInterfaces/nic-back-0"
            ],
            "os_disk": [
              {
                "caching": "ReadWrite",
                "diff_disk_settings": [],
                "disk_encryption_set_id": "",
                "disk_size_gb": 30,
                "name": "back-vm-0_OsDisk_1_59e3967446cf46509877803b85286b30",
                "secure_vm_disk_encryption_set_id": "",
                "security_encryption_type": "",
                "storage_account_type": "Standard_LRS",
                "write_accelerator_enabled": false
              }
            ],
            "os_image_notification": [],
            "patch_assessment_mode": "ImageDefault",
            "patch_mode": "ImageDefault",
            "plan": [],
            "platform_fault_domain": -1,
            "priority": "Regular",
            "private_ip_address": "10.0.1.5",
            "private_ip_addresses": [
              "10.0.1.5"
            ],
            "provision_vm_agent": true,
            "proximity_placement_group_id": "",
            "public_ip_address": "",
            "public_ip_addresses": [],
            "reboot_setting": "",
            "resource_group_name": "rg-restoproch",
            "secret": [],
            "secure_boot_enabled": false,
            "size": "Standard_B1s",
            "source_image_id": "",
            "source_image_reference": [
              {
                "offer": "UbuntuServer",
                "publisher": "Canonical",
                "sku": "18.04-LTS",
                "version": "latest"
              }
            ],
            "tags": null,
            "termination_notification": null,
            "timeouts": null,
            "user_data": "",
            "virtual_machine_id": "2dfab64b-1f18-4d74-aae3-bc8c2e096e4c",
            "virtual_machine_scale_set_id": "",
            "vm_agent_platform_updates_enabled": false,
            "vtpm_enabled": false,
            "zone": ""
          },
          "sensitive_attributes": [
            [
              {
                "type": "get_attr",
                "value": "admin_password"
              }
            ],
            [
              {
                "type": "get_attr",
                "value": "custom_data"
              }
            ]
          ],
          "private": "eyJlMmJmYjczMC1lY2FhLTExZTYtOGY4OC0zNDM2M2JjN2M0YzAiOnsiY3JlYXRlIjoyNzAwMDAwMDAwMDAwLCJkZWxldGUiOjI3MDAwMDAwMDAwMDAsInJlYWQiOjMwMDAwMDAwMDAwMCwidXBkYXRlIjoyNzAwMDAwMDAwMDAwfX0=",
          "dependencies": [
            "azurerm_network_interface.nic_back",
            "azurerm_resource_group.rg",
            "azurerm_subnet.subnet_back",
            "azurerm_virtual_network.vnet"
          ]
        },
        {
          "index_key": 1,
          "schema_version": 0,
          "attributes": {
            "additional_capabilities": [],
            "admin_password": null,
            "admin_ssh_key": [
              {
                "public_key": "ssh-rsa AAAAB3NzaC1yc2EAAAADAQABAAACAQCmsskpPZPRk8E/EjHofFCegzRYUV6p9xqR9WFlJYdP5gZrGrGVVRz0twu49UrxS2MhEbn41iSnKzg+/ufCQgIWWsne0IwrbDvA1YvrdGrZ2hk8AAv+8X3hDkiItP6YhIkUPJ9Wqt7CXqR+TvVHdUrKeG+KVq2CzO2jay+Ldwn6M+vDTLnwTN3Ew1AcM8au4TQc1EWUdx8EKR2YB1X8UuU2QiSSPPingJyuo/Tw2RxfMYxV1gbd/QMTKGesSGKeWHOB0kq7HWV6eZsKud+DZglx9O/BCk/GpJ5u9Yof0+ovWxV61HA9oD589ro/4qhyHr1BayO6DDpWx184tBcc0iJKALwj3bmK0DdegUKEzMMUkbdh0+M62F9xzoJBhqj2YggQWf+Kb0ipQS+1ZYe2HR2pIKK5SvQXPZ+mvbe5SFUL0t5ZuDAVfbRuaAWH5/3w9maTcfGZl5FMpSgqJc9QvWhYX9iJksWaSTpFlqmwdyIGfrikzCXe4ZpwvwNg/jzee+1aBcWAIRU9pYIxNFO7Wt3X6WBn8I5s91uKtlUsyrF8UEC7j/zPf7727ae8p5cXzTffGjnOZslur/vEmfQKS967W7AbPLcIjVzsgb8i1VmObNjVG5YXUORF2TI067SJjDHnKM+yjN53Bkh7l++m2xNroQYm3WU5RSRv/9Js9+xv9Q== fabien@debianVM\n",
                "username": "azureuser"
              }
            ],
            "admin_username": "azureuser",
            "allow_extension_operations": true,
            "availability_set_id": "",
            "boot_diagnostics": [],
            "bypass_platform_safety_checks_on_user_schedule_enabled": false,
            "capacity_reservation_group_id": "",
            "computer_name": "back-vm-1",
            "custom_data": null,
            "dedicated_host_group_id": "",
            "dedicated_host_id": "",
            "disable_password_authentication": true,
            "disk_controller_type": "",
            "edge_zone": "",
            "encryption_at_host_enabled": false,
            "eviction_policy": "",
            "extensions_time_budget": "PT1H30M",
            "gallery_application": [],
            "id": "/subscriptions/6c46b4a5-11a4-41b7-b219-51cf755d4529/resourceGroups/rg-restoproch/providers/Microsoft.Compute/virtualMachines/back-vm-1",
            "identity": [],
            "license_type": "",
            "location": "westeurope",
            "max_bid_price": -1,
            "name": "back-vm-1",
            "network_interface_ids": [
              "/subscriptions/6c46b4a5-11a4-41b7-b219-51cf755d4529/resourceGroups/rg-restoproch/providers/Microsoft.Network/networkInterfaces/nic-back-1"
            ],
            "os_disk": [
              {
                "caching": "ReadWrite",
                "diff_disk_settings": [],
                "disk_encryption_set_id": "",
                "disk_size_gb": 30,
                "name": "back-vm-1_OsDisk_1_f01c5c2aa0d846318bb3218ba936b61b",
                "secure_vm_disk_encryption_set_id": "",
                "security_encryption_type": "",
                "storage_account_type": "Standard_LRS",
                "write_accelerator_enabled": false
              }
            ],
            "os_image_notification": [],
            "patch_assessment_mode": "ImageDefault",
            "patch_mode": "ImageDefault",
            "plan": [],
            "platform_fault_domain": -1,
            "priority": "Regular",
            "private_ip_address": "10.0.1.4",
            "private_ip_addresses": [
              "10.0.1.4"
            ],
            "provision_vm_agent": true,
            "proximity_placement_group_id": "",
            "public_ip_address": "",
            "public_ip_addresses": [],
            "reboot_setting": "",
            "resource_group_name": "rg-restoproch",
            "secret": [],
            "secure_boot_enabled": false,
            "size": "Standard_B1s",
            "source_image_id": "",
            "source_image_reference": [
              {
                "offer": "UbuntuServer",
                "publisher": "Canonical",
                "sku": "18.04-LTS",
                "version": "latest"
              }
            ],
            "tags": null,
            "termination_notification": null,
            "timeouts": null,
            "user_data": "",
            "virtual_machine_id": "dba91d4e-1bf6-46a5-916f-1792089e5fe4",
            "virtual_machine_scale_set_id": "",
            "vm_agent_platform_updates_enabled": false,
            "vtpm_enabled": false,
            "zone": ""
          },
          "sensitive_attributes": [
            [
              {
                "type": "get_attr",
                "value": "custom_data"
              }
            ],
            [
              {
                "type": "get_attr",
                "value": "admin_password"
              }
            ]
          ],
          "private": "eyJlMmJmYjczMC1lY2FhLTExZTYtOGY4OC0zNDM2M2JjN2M0YzAiOnsiY3JlYXRlIjoyNzAwMDAwMDAwMDAwLCJkZWxldGUiOjI3MDAwMDAwMDAwMDAsInJlYWQiOjMwMDAwMDAwMDAwMCwidXBkYXRlIjoyNzAwMDAwMDAwMDAwfX0=",
          "dependencies": [
            "azurerm_network_interface.nic_back",
            "azurerm_resource_group.rg",
            "azurerm_subnet.subnet_back",
            "azurerm_virtual_network.vnet"
          ]
        }
      ]
    },
    {
      "mode": "managed",
      "type": "azurerm_linux_virtual_machine",
      "name": "vm_front",
      "provider": "provider[\"registry.terraform.io/hashicorp/azurerm\"]",
      "instances": [
        {
          "index_key": 0,
          "schema_version": 0,
          "attributes": {
            "additional_capabilities": [],
            "admin_password": null,
            "admin_ssh_key": [
              {
                "public_key": "ssh-rsa AAAAB3NzaC1yc2EAAAADAQABAAACAQCmsskpPZPRk8E/EjHofFCegzRYUV6p9xqR9WFlJYdP5gZrGrGVVRz0twu49UrxS2MhEbn41iSnKzg+/ufCQgIWWsne0IwrbDvA1YvrdGrZ2hk8AAv+8X3hDkiItP6YhIkUPJ9Wqt7CXqR+TvVHdUrKeG+KVq2CzO2jay+Ldwn6M+vDTLnwTN3Ew1AcM8au4TQc1EWUdx8EKR2YB1X8UuU2QiSSPPingJyuo/Tw2RxfMYxV1gbd/QMTKGesSGKeWHOB0kq7HWV6eZsKud+DZglx9O/BCk/GpJ5u9Yof0+ovWxV61HA9oD589ro/4qhyHr1BayO6DDpWx184tBcc0iJKALwj3bmK0DdegUKEzMMUkbdh0+M62F9xzoJBhqj2YggQWf+Kb0ipQS+1ZYe2HR2pIKK5SvQXPZ+mvbe5SFUL0t5ZuDAVfbRuaAWH5/3w9maTcfGZl5FMpSgqJc9QvWhYX9iJksWaSTpFlqmwdyIGfrikzCXe4ZpwvwNg/jzee+1aBcWAIRU9pYIxNFO7Wt3X6WBn8I5s91uKtlUsyrF8UEC7j/zPf7727ae8p5cXzTffGjnOZslur/vEmfQKS967W7AbPLcIjVzsgb8i1VmObNjVG5YXUORF2TI067SJjDHnKM+yjN53Bkh7l++m2xNroQYm3WU5RSRv/9Js9+xv9Q== fabien@debianVM\n",
                "username": "azureuser"
              }
            ],
            "admin_username": "azureuser",
            "allow_extension_operations": true,
            "availability_set_id": "",
            "boot_diagnostics": [],
            "bypass_platform_safety_checks_on_user_schedule_enabled": false,
            "capacity_reservation_group_id": "",
            "computer_name": "front-vm-0",
            "custom_data": null,
            "dedicated_host_group_id": "",
            "dedicated_host_id": "",
            "disable_password_authentication": true,
            "disk_controller_type": "",
            "edge_zone": "",
            "encryption_at_host_enabled": false,
            "eviction_policy": "",
            "extensions_time_budget": "PT1H30M",
            "gallery_application": [],
            "id": "/subscriptions/6c46b4a5-11a4-41b7-b219-51cf755d4529/resourceGroups/rg-restoproch/providers/Microsoft.Compute/virtualMachines/front-vm-0",
            "identity": [],
            "license_type": "",
            "location": "westeurope",
            "max_bid_price": -1,
            "name": "front-vm-0",
            "network_interface_ids": [
              "/subscriptions/6c46b4a5-11a4-41b7-b219-51cf755d4529/resourceGroups/rg-restoproch/providers/Microsoft.Network/networkInterfaces/nic-front-0"
            ],
            "os_disk": [
              {
                "caching": "ReadWrite",
                "diff_disk_settings": [],
                "disk_encryption_set_id": "",
                "disk_size_gb": 30,
                "name": "front-vm-0_OsDisk_1_f10f91205da54a4bac824c6179854bbc",
                "secure_vm_disk_encryption_set_id": "",
                "security_encryption_type": "",
                "storage_account_type": "Standard_LRS",
                "write_accelerator_enabled": false
              }
            ],
            "os_image_notification": [],
            "patch_assessment_mode": "ImageDefault",
            "patch_mode": "ImageDefault",
            "plan": [],
            "platform_fault_domain": -1,
            "priority": "Regular",
            "private_ip_address": "10.0.2.4",
            "private_ip_addresses": [
              "10.0.2.4"
            ],
            "provision_vm_agent": true,
            "proximity_placement_group_id": "",
            "public_ip_address": "",
            "public_ip_addresses": [],
            "reboot_setting": "",
            "resource_group_name": "rg-restoproch",
            "secret": [],
            "secure_boot_enabled": false,
            "size": "Standard_B1s",
            "source_image_id": "",
            "source_image_reference": [
              {
                "offer": "UbuntuServer",
                "publisher": "Canonical",
                "sku": "18.04-LTS",
                "version": "latest"
              }
            ],
            "tags": null,
            "termination_notification": null,
            "timeouts": null,
            "user_data": "",
            "virtual_machine_id": "1123b094-6cbb-4690-b385-f409f89a767f",
            "virtual_machine_scale_set_id": "",
            "vm_agent_platform_updates_enabled": false,
            "vtpm_enabled": false,
            "zone": ""
          },
          "sensitive_attributes": [
            [
              {
                "type": "get_attr",
                "value": "custom_data"
              }
            ],
            [
              {
                "type": "get_attr",
                "value": "admin_password"
              }
            ]
          ],
          "private": "eyJlMmJmYjczMC1lY2FhLTExZTYtOGY4OC0zNDM2M2JjN2M0YzAiOnsiY3JlYXRlIjoyNzAwMDAwMDAwMDAwLCJkZWxldGUiOjI3MDAwMDAwMDAwMDAsInJlYWQiOjMwMDAwMDAwMDAwMCwidXBkYXRlIjoyNzAwMDAwMDAwMDAwfX0=",
          "dependencies": [
            "azurerm_network_interface.nic_front",
            "azurerm_resource_group.rg",
            "azurerm_subnet.subnet_front",
            "azurerm_virtual_network.vnet"
          ]
        },
        {
          "index_key": 1,
          "schema_version": 0,
          "attributes": {
            "additional_capabilities": [],
            "admin_password": null,
            "admin_ssh_key": [
              {
                "public_key": "ssh-rsa AAAAB3NzaC1yc2EAAAADAQABAAACAQCmsskpPZPRk8E/EjHofFCegzRYUV6p9xqR9WFlJYdP5gZrGrGVVRz0twu49UrxS2MhEbn41iSnKzg+/ufCQgIWWsne0IwrbDvA1YvrdGrZ2hk8AAv+8X3hDkiItP6YhIkUPJ9Wqt7CXqR+TvVHdUrKeG+KVq2CzO2jay+Ldwn6M+vDTLnwTN3Ew1AcM8au4TQc1EWUdx8EKR2YB1X8UuU2QiSSPPingJyuo/Tw2RxfMYxV1gbd/QMTKGesSGKeWHOB0kq7HWV6eZsKud+DZglx9O/BCk/GpJ5u9Yof0+ovWxV61HA9oD589ro/4qhyHr1BayO6DDpWx184tBcc0iJKALwj3bmK0DdegUKEzMMUkbdh0+M62F9xzoJBhqj2YggQWf+Kb0ipQS+1ZYe2HR2pIKK5SvQXPZ+mvbe5SFUL0t5ZuDAVfbRuaAWH5/3w9maTcfGZl5FMpSgqJc9QvWhYX9iJksWaSTpFlqmwdyIGfrikzCXe4ZpwvwNg/jzee+1aBcWAIRU9pYIxNFO7Wt3X6WBn8I5s91uKtlUsyrF8UEC7j/zPf7727ae8p5cXzTffGjnOZslur/vEmfQKS967W7AbPLcIjVzsgb8i1VmObNjVG5YXUORF2TI067SJjDHnKM+yjN53Bkh7l++m2xNroQYm3WU5RSRv/9Js9+xv9Q== fabien@debianVM\n",
                "username": "azureuser"
              }
            ],
            "admin_username": "azureuser",
            "allow_extension_operations": true,
            "availability_set_id": "",
            "boot_diagnostics": [],
            "bypass_platform_safety_checks_on_user_schedule_enabled": false,
            "capacity_reservation_group_id": "",
            "computer_name": "front-vm-1",
            "custom_data": null,
            "dedicated_host_group_id": "",
            "dedicated_host_id": "",
            "disable_password_authentication": true,
            "disk_controller_type": "",
            "edge_zone": "",
            "encryption_at_host_enabled": false,
            "eviction_policy": "",
            "extensions_time_budget": "PT1H30M",
            "gallery_application": [],
            "id": "/subscriptions/6c46b4a5-11a4-41b7-b219-51cf755d4529/resourceGroups/rg-restoproch/providers/Microsoft.Compute/virtualMachines/front-vm-1",
            "identity": [],
            "license_type": "",
            "location": "westeurope",
            "max_bid_price": -1,
            "name": "front-vm-1",
            "network_interface_ids": [
              "/subscriptions/6c46b4a5-11a4-41b7-b219-51cf755d4529/resourceGroups/rg-restoproch/providers/Microsoft.Network/networkInterfaces/nic-front-1"
            ],
            "os_disk": [
              {
                "caching": "ReadWrite",
                "diff_disk_settings": [],
                "disk_encryption_set_id": "",
                "disk_size_gb": 30,
                "name": "front-vm-1_OsDisk_1_f45b444d13384a93be4205485fd941d0",
                "secure_vm_disk_encryption_set_id": "",
                "security_encryption_type": "",
                "storage_account_type": "Standard_LRS",
                "write_accelerator_enabled": false
              }
            ],
            "os_image_notification": [],
            "patch_assessment_mode": "ImageDefault",
            "patch_mode": "ImageDefault",
            "plan": [],
            "platform_fault_domain": -1,
            "priority": "Regular",
            "private_ip_address": "10.0.2.5",
            "private_ip_addresses": [
              "10.0.2.5"
            ],
            "provision_vm_agent": true,
            "proximity_placement_group_id": "",
            "public_ip_address": "",
            "public_ip_addresses": [],
            "reboot_setting": "",
            "resource_group_name": "rg-restoproch",
            "secret": [],
            "secure_boot_enabled": false,
            "size": "Standard_B1s",
            "source_image_id": "",
            "source_image_reference": [
              {
                "offer": "UbuntuServer",
                "publisher": "Canonical",
                "sku": "18.04-LTS",
                "version": "latest"
              }
            ],
            "tags": null,
            "termination_notification": null,
            "timeouts": null,
            "user_data": "",
            "virtual_machine_id": "588986ab-eeea-4017-8040-977bf0a0e007",
            "virtual_machine_scale_set_id": "",
            "vm_agent_platform_updates_enabled": false,
            "vtpm_enabled": false,
            "zone": ""
          },
          "sensitive_attributes": [
            [
              {
                "type": "get_attr",
                "value": "custom_data"
              }
            ],
            [
              {
                "type": "get_attr",
                "value": "admin_password"
              }
            ]
          ],
          "private": "eyJlMmJmYjczMC1lY2FhLTExZTYtOGY4OC0zNDM2M2JjN2M0YzAiOnsiY3JlYXRlIjoyNzAwMDAwMDAwMDAwLCJkZWxldGUiOjI3MDAwMDAwMDAwMDAsInJlYWQiOjMwMDAwMDAwMDAwMCwidXBkYXRlIjoyNzAwMDAwMDAwMDAwfX0=",
          "dependencies": [
            "azurerm_network_interface.nic_front",
            "azurerm_resource_group.rg",
            "azurerm_subnet.subnet_front",
            "azurerm_virtual_network.vnet"
          ]
        }
      ]
    },
    {
      "mode": "managed",
      "type": "azurerm_network_interface",
      "name": "nic_back",
      "provider": "provider[\"registry.terraform.io/hashicorp/azurerm\"]",
      "instances": [
        {
          "index_key": 0,
          "schema_version": 0,
          "attributes": {
            "accelerated_networking_enabled": false,
            "applied_dns_servers": [],
            "auxiliary_mode": "",
            "auxiliary_sku": "",
            "dns_servers": null,
            "edge_zone": "",
            "id": "/subscriptions/6c46b4a5-11a4-41b7-b219-51cf755d4529/resourceGroups/rg-restoproch/providers/Microsoft.Network/networkInterfaces/nic-back-0",
            "internal_dns_name_label": "",
            "internal_domain_name_suffix": "ingwot5re5pepg5esmswcyjo3f.ax.internal.cloudapp.net",
            "ip_configuration": [
              {
                "gateway_load_balancer_frontend_ip_configuration_id": "",
                "name": "ipconfig",
                "primary": true,
                "private_ip_address": "10.0.1.5",
                "private_ip_address_allocation": "Dynamic",
                "private_ip_address_version": "IPv4",
                "public_ip_address_id": "",
                "subnet_id": "/subscriptions/6c46b4a5-11a4-41b7-b219-51cf755d4529/resourceGroups/rg-restoproch/providers/Microsoft.Network/virtualNetworks/vnet-restoproch/subnets/subnet-backend"
              }
            ],
            "ip_forwarding_enabled": false,
            "location": "westeurope",
            "mac_address": "",
            "name": "nic-back-0",
            "private_ip_address": "10.0.1.5",
            "private_ip_addresses": [
              "10.0.1.5"
            ],
            "resource_group_name": "rg-restoproch",
            "tags": null,
            "timeouts": null,
            "virtual_machine_id": ""
          },
          "sensitive_attributes": [],
          "private": "eyJlMmJmYjczMC1lY2FhLTExZTYtOGY4OC0zNDM2M2JjN2M0YzAiOnsiY3JlYXRlIjoxODAwMDAwMDAwMDAwLCJkZWxldGUiOjE4MDAwMDAwMDAwMDAsInJlYWQiOjMwMDAwMDAwMDAwMCwidXBkYXRlIjoxODAwMDAwMDAwMDAwfX0=",
          "dependencies": [
            "azurerm_resource_group.rg",
            "azurerm_subnet.subnet_back",
            "azurerm_virtual_network.vnet"
          ]
        },
        {
          "index_key": 1,
          "schema_version": 0,
          "attributes": {
            "accelerated_networking_enabled": false,
            "applied_dns_servers": [],
            "auxiliary_mode": "",
            "auxiliary_sku": "",
            "dns_servers": null,
            "edge_zone": "",
            "id": "/subscriptions/6c46b4a5-11a4-41b7-b219-51cf755d4529/resourceGroups/rg-restoproch/providers/Microsoft.Network/networkInterfaces/nic-back-1",
            "internal_dns_name_label": "",
            "internal_domain_name_suffix": "ingwot5re5pepg5esmswcyjo3f.ax.internal.cloudapp.net",
            "ip_configuration": [
              {
                "gateway_load_balancer_frontend_ip_configuration_id": "",
                "name": "ipconfig",
                "primary": true,
                "private_ip_address": "10.0.1.4",
                "private_ip_address_allocation": "Dynamic",
                "private_ip_address_version": "IPv4",
                "public_ip_address_id": "",
                "subnet_id": "/subscriptions/6c46b4a5-11a4-41b7-b219-51cf755d4529/resourceGroups/rg-restoproch/providers/Microsoft.Network/virtualNetworks/vnet-restoproch/subnets/subnet-backend"
              }
            ],
            "ip_forwarding_enabled": false,
            "location": "westeurope",
            "mac_address": "",
            "name": "nic-back-1",
            "private_ip_address": "10.0.1.4",
            "private_ip_addresses": [
              "10.0.1.4"
            ],
            "resource_group_name": "rg-restoproch",
            "tags": null,
            "timeouts": null,
            "virtual_machine_id": ""
          },
          "sensitive_attributes": [],
          "private": "eyJlMmJmYjczMC1lY2FhLTExZTYtOGY4OC0zNDM2M2JjN2M0YzAiOnsiY3JlYXRlIjoxODAwMDAwMDAwMDAwLCJkZWxldGUiOjE4MDAwMDAwMDAwMDAsInJlYWQiOjMwMDAwMDAwMDAwMCwidXBkYXRlIjoxODAwMDAwMDAwMDAwfX0=",
          "dependencies": [
            "azurerm_resource_group.rg",
            "azurerm_subnet.subnet_back",
            "azurerm_virtual_network.vnet"
          ]
        }
      ]
    },
    {
      "mode": "managed",
      "type": "azurerm_network_interface",
      "name": "nic_front",
      "provider": "provider[\"registry.terraform.io/hashicorp/azurerm\"]",
      "instances": [
        {
          "index_key": 0,
          "schema_version": 0,
          "attributes": {
            "accelerated_networking_enabled": false,
            "applied_dns_servers": [],
            "auxiliary_mode": "",
            "auxiliary_sku": "",
            "dns_servers": null,
            "edge_zone": "",
            "id": "/subscriptions/6c46b4a5-11a4-41b7-b219-51cf755d4529/resourceGroups/rg-restoproch/providers/Microsoft.Network/networkInterfaces/nic-front-0",
            "internal_dns_name_label": "",
            "internal_domain_name_suffix": "ingwot5re5pepg5esmswcyjo3f.ax.internal.cloudapp.net",
            "ip_configuration": [
              {
                "gateway_load_balancer_frontend_ip_configuration_id": "",
                "name": "ipconfig",
                "primary": true,
                "private_ip_address": "10.0.2.4",
                "private_ip_address_allocation": "Dynamic",
                "private_ip_address_version": "IPv4",
                "public_ip_address_id": "",
                "subnet_id": "/subscriptions/6c46b4a5-11a4-41b7-b219-51cf755d4529/resourceGroups/rg-restoproch/providers/Microsoft.Network/virtualNetworks/vnet-restoproch/subnets/subnet-frontend"
              }
            ],
            "ip_forwarding_enabled": false,
            "location": "westeurope",
            "mac_address": "",
            "name": "nic-front-0",
            "private_ip_address": "10.0.2.4",
            "private_ip_addresses": [
              "10.0.2.4"
            ],
            "resource_group_name": "rg-restoproch",
            "tags": null,
            "timeouts": null,
            "virtual_machine_id": ""
          },
          "sensitive_attributes": [],
          "private": "eyJlMmJmYjczMC1lY2FhLTExZTYtOGY4OC0zNDM2M2JjN2M0YzAiOnsiY3JlYXRlIjoxODAwMDAwMDAwMDAwLCJkZWxldGUiOjE4MDAwMDAwMDAwMDAsInJlYWQiOjMwMDAwMDAwMDAwMCwidXBkYXRlIjoxODAwMDAwMDAwMDAwfX0=",
          "dependencies": [
            "azurerm_resource_group.rg",
            "azurerm_subnet.subnet_front",
            "azurerm_virtual_network.vnet"
          ]
        },
        {
          "index_key": 1,
          "schema_version": 0,
          "attributes": {
            "accelerated_networking_enabled": false,
            "applied_dns_servers": [],
            "auxiliary_mode": "",
            "auxiliary_sku": "",
            "dns_servers": null,
            "edge_zone": "",
            "id": "/subscriptions/6c46b4a5-11a4-41b7-b219-51cf755d4529/resourceGroups/rg-restoproch/providers/Microsoft.Network/networkInterfaces/nic-front-1",
            "internal_dns_name_label": "",
            "internal_domain_name_suffix": "ingwot5re5pepg5esmswcyjo3f.ax.internal.cloudapp.net",
            "ip_configuration": [
              {
                "gateway_load_balancer_frontend_ip_configuration_id": "",
                "name": "ipconfig",
                "primary": true,
                "private_ip_address": "10.0.2.5",
                "private_ip_address_allocation": "Dynamic",
                "private_ip_address_version": "IPv4",
                "public_ip_address_id": "",
                "subnet_id": "/subscriptions/6c46b4a5-11a4-41b7-b219-51cf755d4529/resourceGroups/rg-restoproch/providers/Microsoft.Network/virtualNetworks/vnet-restoproch/subnets/subnet-frontend"
              }
            ],
            "ip_forwarding_enabled": false,
            "location": "westeurope",
            "mac_address": "",
            "name": "nic-front-1",
            "private_ip_address": "10.0.2.5",
            "private_ip_addresses": [
              "10.0.2.5"
            ],
            "resource_group_name": "rg-restoproch",
            "tags": null,
            "timeouts": null,
            "virtual_machine_id": ""
          },
          "sensitive_attributes": [],
          "private": "eyJlMmJmYjczMC1lY2FhLTExZTYtOGY4OC0zNDM2M2JjN2M0YzAiOnsiY3JlYXRlIjoxODAwMDAwMDAwMDAwLCJkZWxldGUiOjE4MDAwMDAwMDAwMDAsInJlYWQiOjMwMDAwMDAwMDAwMCwidXBkYXRlIjoxODAwMDAwMDAwMDAwfX0=",
          "dependencies": [
            "azurerm_resource_group.rg",
            "azurerm_subnet.subnet_front",
            "azurerm_virtual_network.vnet"
          ]
        }
      ]
    },
    {
      "mode": "managed",
      "type": "azurerm_resource_group",
      "name": "rg",
      "provider": "provider[\"registry.terraform.io/hashicorp/azurerm\"]",
      "instances": [
        {
          "schema_version": 0,
          "attributes": {
            "id": "/subscriptions/6c46b4a5-11a4-41b7-b219-51cf755d4529/resourceGroups/rg-restoproch",
            "location": "westeurope",
            "managed_by": "",
            "name": "rg-restoproch",
            "tags": null,
            "timeouts": null
          },
          "sensitive_attributes": [],
          "private": "eyJlMmJmYjczMC1lY2FhLTExZTYtOGY4OC0zNDM2M2JjN2M0YzAiOnsiY3JlYXRlIjo1NDAwMDAwMDAwMDAwLCJkZWxldGUiOjU0MDAwMDAwMDAwMDAsInJlYWQiOjMwMDAwMDAwMDAwMCwidXBkYXRlIjo1NDAwMDAwMDAwMDAwfX0="
        }
      ]
    },
    {
      "mode": "managed",
      "type": "azurerm_subnet",
      "name": "subnet_back",
      "provider": "provider[\"registry.terraform.io/hashicorp/azurerm\"]",
      "instances": [
        {
          "schema_version": 0,
          "attributes": {
            "address_prefixes": [
              "10.0.1.0/24"
            ],
            "default_outbound_access_enabled": true,
            "delegation": [],
            "id": "/subscriptions/6c46b4a5-11a4-41b7-b219-51cf755d4529/resourceGroups/rg-restoproch/providers/Microsoft.Network/virtualNetworks/vnet-restoproch/subnets/subnet-backend",
            "name": "subnet-backend",
            "private_endpoint_network_policies": "Disabled",
            "private_link_service_network_policies_enabled": true,
            "resource_group_name": "rg-restoproch",
            "service_endpoint_policy_ids": null,
            "service_endpoints": null,
            "timeouts": null,
            "virtual_network_name": "vnet-restoproch"
          },
          "sensitive_attributes": [],
          "private": "eyJlMmJmYjczMC1lY2FhLTExZTYtOGY4OC0zNDM2M2JjN2M0YzAiOnsiY3JlYXRlIjoxODAwMDAwMDAwMDAwLCJkZWxldGUiOjE4MDAwMDAwMDAwMDAsInJlYWQiOjMwMDAwMDAwMDAwMCwidXBkYXRlIjoxODAwMDAwMDAwMDAwfX0=",
          "dependencies": [
            "azurerm_resource_group.rg",
            "azurerm_virtual_network.vnet"
          ]
        }
      ]
    },
    {
      "mode": "managed",
      "type": "azurerm_subnet",
      "name": "subnet_front",
      "provider": "provider[\"registry.terraform.io/hashicorp/azurerm\"]",
      "instances": [
        {
          "schema_version": 0,
          "attributes": {
            "address_prefixes": [
              "10.0.2.0/24"
            ],
            "default_outbound_access_enabled": true,
            "delegation": [],
            "id": "/subscriptions/6c46b4a5-11a4-41b7-b219-51cf755d4529/resourceGroups/rg-restoproch/providers/Microsoft.Network/virtualNetworks/vnet-restoproch/subnets/subnet-frontend",
            "name": "subnet-frontend",
            "private_endpoint_network_policies": "Disabled",
            "private_link_service_network_policies_enabled": true,
            "resource_group_name": "rg-restoproch",
            "service_endpoint_policy_ids": null,
            "service_endpoints": null,
            "timeouts": null,
            "virtual_network_name": "vnet-restoproch"
          },
          "sensitive_attributes": [],
          "private": "eyJlMmJmYjczMC1lY2FhLTExZTYtOGY4OC0zNDM2M2JjN2M0YzAiOnsiY3JlYXRlIjoxODAwMDAwMDAwMDAwLCJkZWxldGUiOjE4MDAwMDAwMDAwMDAsInJlYWQiOjMwMDAwMDAwMDAwMCwidXBkYXRlIjoxODAwMDAwMDAwMDAwfX0=",
          "dependencies": [
            "azurerm_resource_group.rg",
            "azurerm_virtual_network.vnet"
          ]
        }
      ]
    },
    {
      "mode": "managed",
      "type": "azurerm_virtual_network",
      "name": "vnet",
      "provider": "provider[\"registry.terraform.io/hashicorp/azurerm\"]",
      "instances": [
        {
          "schema_version": 0,
          "attributes": {
            "address_space": [
              "10.0.0.0/16"
            ],
            "bgp_community": "",
            "ddos_protection_plan": [],
            "dns_servers": [],
            "edge_zone": "",
            "encryption": [],
            "flow_timeout_in_minutes": 0,
            "guid": "4f674d43-27f1-47de-9be4-932561612eed",
            "id": "/subscriptions/6c46b4a5-11a4-41b7-b219-51cf755d4529/resourceGroups/rg-restoproch/providers/Microsoft.Network/virtualNetworks/vnet-restoproch",
            "location": "westeurope",
            "name": "vnet-restoproch",
            "resource_group_name": "rg-restoproch",
            "subnet": [],
            "tags": null,
            "timeouts": null
          },
          "sensitive_attributes": [],
          "private": "eyJlMmJmYjczMC1lY2FhLTExZTYtOGY4OC0zNDM2M2JjN2M0YzAiOnsiY3JlYXRlIjoxODAwMDAwMDAwMDAwLCJkZWxldGUiOjE4MDAwMDAwMDAwMDAsInJlYWQiOjMwMDAwMDAwMDAwMCwidXBkYXRlIjoxODAwMDAwMDAwMDAwfX0=",
          "dependencies": [
            "azurerm_resource_group.rg"
          ]
        }
      ]
    }
  ],
  "check_results": null
}
